// !$*UTF8*$!
{
	archiveVersion = 1;
	classes = {
	};
	objectVersion = 50;
	objects = {

/* Begin PBXBuildFile section */
		CF0EAFF121819EF200F51713 /* AppDelegate.m in Sources */ = {isa = PBXBuildFile; fileRef = CF0EAFF021819EF200F51713 /* AppDelegate.m */; };
		CF0EAFF421819EF200F51713 /* ViewController.m in Sources */ = {isa = PBXBuildFile; fileRef = CF0EAFF321819EF200F51713 /* ViewController.m */; };
		CF0EAFF721819EF200F51713 /* Main.storyboard in Resources */ = {isa = PBXBuildFile; fileRef = CF0EAFF521819EF200F51713 /* Main.storyboard */; };
		CF0EAFF921819EF300F51713 /* Assets.xcassets in Resources */ = {isa = PBXBuildFile; fileRef = CF0EAFF821819EF300F51713 /* Assets.xcassets */; };
		CF0EAFFC21819EF300F51713 /* LaunchScreen.storyboard in Resources */ = {isa = PBXBuildFile; fileRef = CF0EAFFA21819EF300F51713 /* LaunchScreen.storyboard */; };
		CF0EAFFF21819EF300F51713 /* main.m in Sources */ = {isa = PBXBuildFile; fileRef = CF0EAFFE21819EF300F51713 /* main.m */; };
		CF0EB00921819EF300F51713 /* OpgnGLPaintingTestTests.m in Sources */ = {isa = PBXBuildFile; fileRef = CF0EB00821819EF300F51713 /* OpgnGLPaintingTestTests.m */; };
		CF0EB01421819EF300F51713 /* OpgnGLPaintingTestUITests.m in Sources */ = {isa = PBXBuildFile; fileRef = CF0EB01321819EF300F51713 /* OpgnGLPaintingTestUITests.m */; };
		CF0EB1332181B49000F51713 /* fileUtil.m in Sources */ = {isa = PBXBuildFile; fileRef = CF0EB12E2181B48F00F51713 /* fileUtil.m */; };
		CF0EB1342181B49000F51713 /* shaderUtil.c in Sources */ = {isa = PBXBuildFile; fileRef = CF0EB1302181B49000F51713 /* shaderUtil.c */; };
		CF0EB1372181B4A200F51713 /* PaintingView.m in Sources */ = {isa = PBXBuildFile; fileRef = CF0EB1362181B4A200F51713 /* PaintingView.m */; settings = {COMPILER_FLAGS = "-Wdeprecated-declarations"; }; };
		CF0EB1392181B86000F51713 /* Particle.png in Resources */ = {isa = PBXBuildFile; fileRef = CF0EB1382181B86000F51713 /* Particle.png */; };
		CF0EB13D2181B91500F51713 /* point.vsh in Resources */ = {isa = PBXBuildFile; fileRef = CF0EB13B2181B91500F51713 /* point.vsh */; };
		CF0EB13E2181B91500F51713 /* point.fsh in Resources */ = {isa = PBXBuildFile; fileRef = CF0EB13C2181B91500F51713 /* point.fsh */; };
		CF365F5B218BEC9A002A439B /* UIView+Frame.m in Sources */ = {isa = PBXBuildFile; fileRef = CF365F53218BEC9A002A439B /* UIView+Frame.m */; };
		CF365F5C218BEC9A002A439B /* UIButton+Block.m in Sources */ = {isa = PBXBuildFile; fileRef = CF365F54218BEC9A002A439B /* UIButton+Block.m */; };
		CF365F5D218BEC9A002A439B /* UIColor+WY.m in Sources */ = {isa = PBXBuildFile; fileRef = CF365F55218BEC9A002A439B /* UIColor+WY.m */; };
		CF365F5E218BEC9A002A439B /* WYMain.m in Sources */ = {isa = PBXBuildFile; fileRef = CF365F56218BEC9A002A439B /* WYMain.m */; };
		CF365F5F218BEC9A002A439B /* UIAlertController+WY.m in Sources */ = {isa = PBXBuildFile; fileRef = CF365F57218BEC9A002A439B /* UIAlertController+WY.m */; };
		CFC0C9502189AC6E00CA3B75 /* WYSelectView.m in Sources */ = {isa = PBXBuildFile; fileRef = CFC0C94C2189AC6E00CA3B75 /* WYSelectView.m */; };
		CFC0C9512189AC6E00CA3B75 /* WYColorSlider.m in Sources */ = {isa = PBXBuildFile; fileRef = CFC0C94D2189AC6E00CA3B75 /* WYColorSlider.m */; };
		CFC0C9672189ACC000CA3B75 /* WYDrawingBoardView.m in Sources */ = {isa = PBXBuildFile; fileRef = CFC0C9652189ACBF00CA3B75 /* WYDrawingBoardView.m */; };
		CFC0C96E2189B15000CA3B75 /* wy_revoke_gray.png in Resources */ = {isa = PBXBuildFile; fileRef = CFC0C9692189B15000CA3B75 /* wy_revoke_gray.png */; };
		CFC0C96F2189B15000CA3B75 /* wy_back.png in Resources */ = {isa = PBXBuildFile; fileRef = CFC0C96A2189B15000CA3B75 /* wy_back.png */; };
		CFC0C9702189B15000CA3B75 /* wy_eraser.png in Resources */ = {isa = PBXBuildFile; fileRef = CFC0C96B2189B15000CA3B75 /* wy_eraser.png */; };
		CFC0C9712189B15000CA3B75 /* wy_revoke_white.png in Resources */ = {isa = PBXBuildFile; fileRef = CFC0C96C2189B15000CA3B75 /* wy_revoke_white.png */; };
		CFC0C9722189B15000CA3B75 /* wy_colorSelect.png in Resources */ = {isa = PBXBuildFile; fileRef = CFC0C96D2189B15000CA3B75 /* wy_colorSelect.png */; };
		CFDB31432182A8FF00E5307C /* Red.png in Resources */ = {isa = PBXBuildFile; fileRef = CFDB313E2182A8FF00E5307C /* Red.png */; };
		CFDB31442182A8FF00E5307C /* Green.png in Resources */ = {isa = PBXBuildFile; fileRef = CFDB313F2182A8FF00E5307C /* Green.png */; };
		CFDB31452182A8FF00E5307C /* Blue.png in Resources */ = {isa = PBXBuildFile; fileRef = CFDB31402182A8FF00E5307C /* Blue.png */; };
		CFDB31462182A8FF00E5307C /* Yellow.png in Resources */ = {isa = PBXBuildFile; fileRef = CFDB31412182A8FF00E5307C /* Yellow.png */; };
		CFDB31472182A8FF00E5307C /* Purple.png in Resources */ = {isa = PBXBuildFile; fileRef = CFDB31422182A8FF00E5307C /* Purple.png */; };
		CFDB314A2182ECE900E5307C /* DrawModel.m in Sources */ = {isa = PBXBuildFile; fileRef = CFDB31492182ECE900E5307C /* DrawModel.m */; };
/* End PBXBuildFile section */

/* Begin PBXContainerItemProxy section */
		CF0EB00521819EF300F51713 /* PBXContainerItemProxy */ = {
			isa = PBXContainerItemProxy;
			containerPortal = CF0EAFE421819EF200F51713 /* Project object */;
			proxyType = 1;
			remoteGlobalIDString = CF0EAFEB21819EF200F51713;
			remoteInfo = OpgnGLPaintingTest;
		};
		CF0EB01021819EF300F51713 /* PBXContainerItemProxy */ = {
			isa = PBXContainerItemProxy;
			containerPortal = CF0EAFE421819EF200F51713 /* Project object */;
			proxyType = 1;
			remoteGlobalIDString = CF0EAFEB21819EF200F51713;
			remoteInfo = OpgnGLPaintingTest;
		};
/* End PBXContainerItemProxy section */

/* Begin PBXFileReference section */
		CF0EAFEC21819EF200F51713 /* OpgnGLPaintingTest.app */ = {isa = PBXFileReference; explicitFileType = wrapper.application; includeInIndex = 0; path = OpgnGLPaintingTest.app; sourceTree = BUILT_PRODUCTS_DIR; };
		CF0EAFEF21819EF200F51713 /* AppDelegate.h */ = {isa = PBXFileReference; lastKnownFileType = sourcecode.c.h; path = AppDelegate.h; sourceTree = "<group>"; };
		CF0EAFF021819EF200F51713 /* AppDelegate.m */ = {isa = PBXFileReference; lastKnownFileType = sourcecode.c.objc; path = AppDelegate.m; sourceTree = "<group>"; };
		CF0EAFF221819EF200F51713 /* ViewController.h */ = {isa = PBXFileReference; lastKnownFileType = sourcecode.c.h; path = ViewController.h; sourceTree = "<group>"; };
		CF0EAFF321819EF200F51713 /* ViewController.m */ = {isa = PBXFileReference; lastKnownFileType = sourcecode.c.objc; path = ViewController.m; sourceTree = "<group>"; };
		CF0EAFF621819EF200F51713 /* Base */ = {isa = PBXFileReference; lastKnownFileType = file.storyboard; name = Base; path = Base.lproj/Main.storyboard; sourceTree = "<group>"; };
		CF0EAFF821819EF300F51713 /* Assets.xcassets */ = {isa = PBXFileReference; lastKnownFileType = folder.assetcatalog; path = Assets.xcassets; sourceTree = "<group>"; };
		CF0EAFFB21819EF300F51713 /* Base */ = {isa = PBXFileReference; lastKnownFileType = file.storyboard; name = Base; path = Base.lproj/LaunchScreen.storyboard; sourceTree = "<group>"; };
		CF0EAFFD21819EF300F51713 /* Info.plist */ = {isa = PBXFileReference; lastKnownFileType = text.plist.xml; path = Info.plist; sourceTree = "<group>"; };
		CF0EAFFE21819EF300F51713 /* main.m */ = {isa = PBXFileReference; lastKnownFileType = sourcecode.c.objc; path = main.m; sourceTree = "<group>"; };
		CF0EB00421819EF300F51713 /* OpgnGLPaintingTestTests.xctest */ = {isa = PBXFileReference; explicitFileType = wrapper.cfbundle; includeInIndex = 0; path = OpgnGLPaintingTestTests.xctest; sourceTree = BUILT_PRODUCTS_DIR; };
		CF0EB00821819EF300F51713 /* OpgnGLPaintingTestTests.m */ = {isa = PBXFileReference; lastKnownFileType = sourcecode.c.objc; path = OpgnGLPaintingTestTests.m; sourceTree = "<group>"; };
		CF0EB00A21819EF300F51713 /* Info.plist */ = {isa = PBXFileReference; lastKnownFileType = text.plist.xml; path = Info.plist; sourceTree = "<group>"; };
		CF0EB00F21819EF300F51713 /* OpgnGLPaintingTestUITests.xctest */ = {isa = PBXFileReference; explicitFileType = wrapper.cfbundle; includeInIndex = 0; path = OpgnGLPaintingTestUITests.xctest; sourceTree = BUILT_PRODUCTS_DIR; };
		CF0EB01321819EF300F51713 /* OpgnGLPaintingTestUITests.m */ = {isa = PBXFileReference; lastKnownFileType = sourcecode.c.objc; path = OpgnGLPaintingTestUITests.m; sourceTree = "<group>"; };
		CF0EB01521819EF300F51713 /* Info.plist */ = {isa = PBXFileReference; lastKnownFileType = text.plist.xml; path = Info.plist; sourceTree = "<group>"; };
		CF0EB12D2181B48F00F51713 /* Prefix.pch */ = {isa = PBXFileReference; fileEncoding = 4; lastKnownFileType = sourcecode.c.h; path = Prefix.pch; sourceTree = "<group>"; };
		CF0EB12E2181B48F00F51713 /* fileUtil.m */ = {isa = PBXFileReference; fileEncoding = 4; lastKnownFileType = sourcecode.c.objc; path = fileUtil.m; sourceTree = "<group>"; };
		CF0EB12F2181B49000F51713 /* debug.h */ = {isa = PBXFileReference; fileEncoding = 4; lastKnownFileType = sourcecode.c.h; path = debug.h; sourceTree = "<group>"; };
		CF0EB1302181B49000F51713 /* shaderUtil.c */ = {isa = PBXFileReference; fileEncoding = 4; lastKnownFileType = sourcecode.c.c; path = shaderUtil.c; sourceTree = "<group>"; };
		CF0EB1312181B49000F51713 /* fileUtil.h */ = {isa = PBXFileReference; fileEncoding = 4; lastKnownFileType = sourcecode.c.h; path = fileUtil.h; sourceTree = "<group>"; };
		CF0EB1322181B49000F51713 /* shaderUtil.h */ = {isa = PBXFileReference; fileEncoding = 4; lastKnownFileType = sourcecode.c.h; path = shaderUtil.h; sourceTree = "<group>"; };
		CF0EB1352181B4A100F51713 /* PaintingView.h */ = {isa = PBXFileReference; fileEncoding = 4; lastKnownFileType = sourcecode.c.h; path = PaintingView.h; sourceTree = "<group>"; };
		CF0EB1362181B4A200F51713 /* PaintingView.m */ = {isa = PBXFileReference; fileEncoding = 4; lastKnownFileType = sourcecode.c.objc; path = PaintingView.m; sourceTree = "<group>"; };
		CF0EB1382181B86000F51713 /* Particle.png */ = {isa = PBXFileReference; lastKnownFileType = image.png; path = Particle.png; sourceTree = "<group>"; };
		CF0EB13B2181B91500F51713 /* point.vsh */ = {isa = PBXFileReference; fileEncoding = 4; lastKnownFileType = sourcecode.glsl; path = point.vsh; sourceTree = "<group>"; };
		CF0EB13C2181B91500F51713 /* point.fsh */ = {isa = PBXFileReference; fileEncoding = 4; lastKnownFileType = sourcecode.glsl; path = point.fsh; sourceTree = "<group>"; };
		CF365F51218BEC9A002A439B /* UIAlertController+WY.h */ = {isa = PBXFileReference; fileEncoding = 4; lastKnownFileType = sourcecode.c.h; path = "UIAlertController+WY.h"; sourceTree = "<group>"; };
		CF365F52218BEC9A002A439B /* WYMain.h */ = {isa = PBXFileReference; fileEncoding = 4; lastKnownFileType = sourcecode.c.h; path = WYMain.h; sourceTree = "<group>"; };
		CF365F53218BEC9A002A439B /* UIView+Frame.m */ = {isa = PBXFileReference; fileEncoding = 4; lastKnownFileType = sourcecode.c.objc; path = "UIView+Frame.m"; sourceTree = "<group>"; };
		CF365F54218BEC9A002A439B /* UIButton+Block.m */ = {isa = PBXFileReference; fileEncoding = 4; lastKnownFileType = sourcecode.c.objc; path = "UIButton+Block.m"; sourceTree = "<group>"; };
		CF365F55218BEC9A002A439B /* UIColor+WY.m */ = {isa = PBXFileReference; fileEncoding = 4; lastKnownFileType = sourcecode.c.objc; path = "UIColor+WY.m"; sourceTree = "<group>"; };
		CF365F56218BEC9A002A439B /* WYMain.m */ = {isa = PBXFileReference; fileEncoding = 4; lastKnownFileType = sourcecode.c.objc; path = WYMain.m; sourceTree = "<group>"; };
		CF365F57218BEC9A002A439B /* UIAlertController+WY.m */ = {isa = PBXFileReference; fileEncoding = 4; lastKnownFileType = sourcecode.c.objc; path = "UIAlertController+WY.m"; sourceTree = "<group>"; };
		CF365F58218BEC9A002A439B /* UIButton+Block.h */ = {isa = PBXFileReference; fileEncoding = 4; lastKnownFileType = sourcecode.c.h; path = "UIButton+Block.h"; sourceTree = "<group>"; };
		CF365F59218BEC9A002A439B /* UIView+Frame.h */ = {isa = PBXFileReference; fileEncoding = 4; lastKnownFileType = sourcecode.c.h; path = "UIView+Frame.h"; sourceTree = "<group>"; };
		CF365F5A218BEC9A002A439B /* UIColor+WY.h */ = {isa = PBXFileReference; fileEncoding = 4; lastKnownFileType = sourcecode.c.h; path = "UIColor+WY.h"; sourceTree = "<group>"; };
		CFC0C94C2189AC6E00CA3B75 /* WYSelectView.m */ = {isa = PBXFileReference; fileEncoding = 4; lastKnownFileType = sourcecode.c.objc; path = WYSelectView.m; sourceTree = "<group>"; };
		CFC0C94D2189AC6E00CA3B75 /* WYColorSlider.m */ = {isa = PBXFileReference; fileEncoding = 4; lastKnownFileType = sourcecode.c.objc; path = WYColorSlider.m; sourceTree = "<group>"; };
		CFC0C94E2189AC6E00CA3B75 /* WYSelectView.h */ = {isa = PBXFileReference; fileEncoding = 4; lastKnownFileType = sourcecode.c.h; path = WYSelectView.h; sourceTree = "<group>"; };
		CFC0C94F2189AC6E00CA3B75 /* WYColorSlider.h */ = {isa = PBXFileReference; fileEncoding = 4; lastKnownFileType = sourcecode.c.h; path = WYColorSlider.h; sourceTree = "<group>"; };
		CFC0C9652189ACBF00CA3B75 /* WYDrawingBoardView.m */ = {isa = PBXFileReference; fileEncoding = 4; lastKnownFileType = sourcecode.c.objc; path = WYDrawingBoardView.m; sourceTree = "<group>"; };
		CFC0C9662189ACC000CA3B75 /* WYDrawingBoardView.h */ = {isa = PBXFileReference; fileEncoding = 4; lastKnownFileType = sourcecode.c.h; path = WYDrawingBoardView.h; sourceTree = "<group>"; };
		CFC0C9692189B15000CA3B75 /* wy_revoke_gray.png */ = {isa = PBXFileReference; lastKnownFileType = image.png; path = wy_revoke_gray.png; sourceTree = "<group>"; };
		CFC0C96A2189B15000CA3B75 /* wy_back.png */ = {isa = PBXFileReference; lastKnownFileType = image.png; path = wy_back.png; sourceTree = "<group>"; };
		CFC0C96B2189B15000CA3B75 /* wy_eraser.png */ = {isa = PBXFileReference; lastKnownFileType = image.png; path = wy_eraser.png; sourceTree = "<group>"; };
		CFC0C96C2189B15000CA3B75 /* wy_revoke_white.png */ = {isa = PBXFileReference; lastKnownFileType = image.png; path = wy_revoke_white.png; sourceTree = "<group>"; };
		CFC0C96D2189B15000CA3B75 /* wy_colorSelect.png */ = {isa = PBXFileReference; lastKnownFileType = image.png; path = wy_colorSelect.png; sourceTree = "<group>"; };
		CFDB313E2182A8FF00E5307C /* Red.png */ = {isa = PBXFileReference; lastKnownFileType = image.png; path = Red.png; sourceTree = "<group>"; };
		CFDB313F2182A8FF00E5307C /* Green.png */ = {isa = PBXFileReference; lastKnownFileType = image.png; path = Green.png; sourceTree = "<group>"; };
		CFDB31402182A8FF00E5307C /* Blue.png */ = {isa = PBXFileReference; lastKnownFileType = image.png; path = Blue.png; sourceTree = "<group>"; };
		CFDB31412182A8FF00E5307C /* Yellow.png */ = {isa = PBXFileReference; lastKnownFileType = image.png; path = Yellow.png; sourceTree = "<group>"; };
		CFDB31422182A8FF00E5307C /* Purple.png */ = {isa = PBXFileReference; lastKnownFileType = image.png; path = Purple.png; sourceTree = "<group>"; };
		CFDB31482182ECE900E5307C /* DrawModel.h */ = {isa = PBXFileReference; fileEncoding = 4; lastKnownFileType = sourcecode.c.h; path = DrawModel.h; sourceTree = "<group>"; };
		CFDB31492182ECE900E5307C /* DrawModel.m */ = {isa = PBXFileReference; fileEncoding = 4; lastKnownFileType = sourcecode.c.objc; path = DrawModel.m; sourceTree = "<group>"; };
/* End PBXFileReference section */

/* Begin PBXFrameworksBuildPhase section */
		CF0EAFE921819EF200F51713 /* Frameworks */ = {
			isa = PBXFrameworksBuildPhase;
			buildActionMask = 2147483647;
			files = (
			);
			runOnlyForDeploymentPostprocessing = 0;
		};
		CF0EB00121819EF300F51713 /* Frameworks */ = {
			isa = PBXFrameworksBuildPhase;
			buildActionMask = 2147483647;
			files = (
			);
			runOnlyForDeploymentPostprocessing = 0;
		};
		CF0EB00C21819EF300F51713 /* Frameworks */ = {
			isa = PBXFrameworksBuildPhase;
			buildActionMask = 2147483647;
			files = (
			);
			runOnlyForDeploymentPostprocessing = 0;
		};
/* End PBXFrameworksBuildPhase section */

/* Begin PBXGroup section */
		CF0EAFE321819EF200F51713 = {
			isa = PBXGroup;
			children = (
				CF0EAFEE21819EF200F51713 /* OpgnGLPaintingTest */,
				CF0EB00721819EF300F51713 /* OpgnGLPaintingTestTests */,
				CF0EB01221819EF300F51713 /* OpgnGLPaintingTestUITests */,
				CF0EAFED21819EF200F51713 /* Products */,
			);
			sourceTree = "<group>";
		};
		CF0EAFED21819EF200F51713 /* Products */ = {
			isa = PBXGroup;
			children = (
				CF0EAFEC21819EF200F51713 /* OpgnGLPaintingTest.app */,
				CF0EB00421819EF300F51713 /* OpgnGLPaintingTestTests.xctest */,
				CF0EB00F21819EF300F51713 /* OpgnGLPaintingTestUITests.xctest */,
			);
			name = Products;
			sourceTree = "<group>";
		};
		CF0EAFEE21819EF200F51713 /* OpgnGLPaintingTest */ = {
			isa = PBXGroup;
			children = (
				CF0EAFEF21819EF200F51713 /* AppDelegate.h */,
				CF0EAFF021819EF200F51713 /* AppDelegate.m */,
				CF0EAFF221819EF200F51713 /* ViewController.h */,
				CF0EAFF321819EF200F51713 /* ViewController.m */,
				CFCFAB5D218A910A00F2BD68 /* Draw */,
				CFC0C9682189B15000CA3B75 /* Images */,
				CF365F50218BEC9A002A439B /* Tools */,
				CF0EB12C2181B48000F51713 /* openGL */,
				CF0EAFF521819EF200F51713 /* Main.storyboard */,
				CF0EAFF821819EF300F51713 /* Assets.xcassets */,
				CF0EAFFA21819EF300F51713 /* LaunchScreen.storyboard */,
				CF0EAFFD21819EF300F51713 /* Info.plist */,
				CF0EAFFE21819EF300F51713 /* main.m */,
			);
			path = OpgnGLPaintingTest;
			sourceTree = "<group>";
		};
		CF0EB00721819EF300F51713 /* OpgnGLPaintingTestTests */ = {
			isa = PBXGroup;
			children = (
				CF0EB00821819EF300F51713 /* OpgnGLPaintingTestTests.m */,
				CF0EB00A21819EF300F51713 /* Info.plist */,
			);
			path = OpgnGLPaintingTestTests;
			sourceTree = "<group>";
		};
		CF0EB01221819EF300F51713 /* OpgnGLPaintingTestUITests */ = {
			isa = PBXGroup;
			children = (
				CF0EB01321819EF300F51713 /* OpgnGLPaintingTestUITests.m */,
				CF0EB01521819EF300F51713 /* Info.plist */,
			);
			path = OpgnGLPaintingTestUITests;
			sourceTree = "<group>";
		};
		CF0EB12C2181B48000F51713 /* openGL */ = {
			isa = PBXGroup;
			children = (
				CF0EB13A2181B91500F51713 /* Shaders */,
				CF0EB12F2181B49000F51713 /* debug.h */,
				CF0EB1312181B49000F51713 /* fileUtil.h */,
				CF0EB12E2181B48F00F51713 /* fileUtil.m */,
				CF0EB12D2181B48F00F51713 /* Prefix.pch */,
				CF0EB1302181B49000F51713 /* shaderUtil.c */,
				CF0EB1322181B49000F51713 /* shaderUtil.h */,
			);
			path = openGL;
			sourceTree = "<group>";
		};
		CF0EB13A2181B91500F51713 /* Shaders */ = {
			isa = PBXGroup;
			children = (
				CF0EB13B2181B91500F51713 /* point.vsh */,
				CF0EB13C2181B91500F51713 /* point.fsh */,
			);
			path = Shaders;
			sourceTree = "<group>";
		};
		CF365F50218BEC9A002A439B /* Tools */ = {
			isa = PBXGroup;
			children = (
				CF365F51218BEC9A002A439B /* UIAlertController+WY.h */,
				CF365F52218BEC9A002A439B /* WYMain.h */,
				CF365F53218BEC9A002A439B /* UIView+Frame.m */,
				CF365F54218BEC9A002A439B /* UIButton+Block.m */,
				CF365F55218BEC9A002A439B /* UIColor+WY.m */,
				CF365F56218BEC9A002A439B /* WYMain.m */,
				CF365F57218BEC9A002A439B /* UIAlertController+WY.m */,
				CF365F58218BEC9A002A439B /* UIButton+Block.h */,
				CF365F59218BEC9A002A439B /* UIView+Frame.h */,
				CF365F5A218BEC9A002A439B /* UIColor+WY.h */,
			);
			name = Tools;
			path = OpgnGLPaintingTest/Tools;
			sourceTree = SOURCE_ROOT;
		};
		CFC0C9682189B15000CA3B75 /* Images */ = {
			isa = PBXGroup;
			children = (
				CF0EB1382181B86000F51713 /* Particle.png */,
				CFDB31402182A8FF00E5307C /* Blue.png */,
				CFDB313F2182A8FF00E5307C /* Green.png */,
				CFDB31422182A8FF00E5307C /* Purple.png */,
				CFDB313E2182A8FF00E5307C /* Red.png */,
				CFDB31412182A8FF00E5307C /* Yellow.png */,
				CFC0C9692189B15000CA3B75 /* wy_revoke_gray.png */,
				CFC0C96A2189B15000CA3B75 /* wy_back.png */,
				CFC0C96B2189B15000CA3B75 /* wy_eraser.png */,
				CFC0C96C2189B15000CA3B75 /* wy_revoke_white.png */,
				CFC0C96D2189B15000CA3B75 /* wy_colorSelect.png */,
			);
			path = Images;
			sourceTree = "<group>";
		};
		CFCFAB5D218A910A00F2BD68 /* Draw */ = {
			isa = PBXGroup;
			children = (
				CF0EB1352181B4A100F51713 /* PaintingView.h */,
				CF0EB1362181B4A200F51713 /* PaintingView.m */,
				CFDB31482182ECE900E5307C /* DrawModel.h */,
				CFDB31492182ECE900E5307C /* DrawModel.m */,
				CFC0C9662189ACC000CA3B75 /* WYDrawingBoardView.h */,
				CFC0C9652189ACBF00CA3B75 /* WYDrawingBoardView.m */,
				CFC0C94F2189AC6E00CA3B75 /* WYColorSlider.h */,
				CFC0C94D2189AC6E00CA3B75 /* WYColorSlider.m */,
				CFC0C94E2189AC6E00CA3B75 /* WYSelectView.h */,
				CFC0C94C2189AC6E00CA3B75 /* WYSelectView.m */,
			);
			path = Draw;
			sourceTree = "<group>";
		};
/* End PBXGroup section */

/* Begin PBXNativeTarget section */
		CF0EAFEB21819EF200F51713 /* OpgnGLPaintingTest */ = {
			isa = PBXNativeTarget;
			buildConfigurationList = CF0EB01821819EF300F51713 /* Build configuration list for PBXNativeTarget "OpgnGLPaintingTest" */;
			buildPhases = (
				CF0EAFE821819EF200F51713 /* Sources */,
				CF0EAFE921819EF200F51713 /* Frameworks */,
				CF0EAFEA21819EF200F51713 /* Resources */,
			);
			buildRules = (
			);
			dependencies = (
			);
			name = OpgnGLPaintingTest;
			productName = OpgnGLPaintingTest;
			productReference = CF0EAFEC21819EF200F51713 /* OpgnGLPaintingTest.app */;
			productType = "com.apple.product-type.application";
		};
		CF0EB00321819EF300F51713 /* OpgnGLPaintingTestTests */ = {
			isa = PBXNativeTarget;
			buildConfigurationList = CF0EB01B21819EF300F51713 /* Build configuration list for PBXNativeTarget "OpgnGLPaintingTestTests" */;
			buildPhases = (
				CF0EB00021819EF300F51713 /* Sources */,
				CF0EB00121819EF300F51713 /* Frameworks */,
				CF0EB00221819EF300F51713 /* Resources */,
			);
			buildRules = (
			);
			dependencies = (
				CF0EB00621819EF300F51713 /* PBXTargetDependency */,
			);
			name = OpgnGLPaintingTestTests;
			productName = OpgnGLPaintingTestTests;
			productReference = CF0EB00421819EF300F51713 /* OpgnGLPaintingTestTests.xctest */;
			productType = "com.apple.product-type.bundle.unit-test";
		};
		CF0EB00E21819EF300F51713 /* OpgnGLPaintingTestUITests */ = {
			isa = PBXNativeTarget;
			buildConfigurationList = CF0EB01E21819EF300F51713 /* Build configuration list for PBXNativeTarget "OpgnGLPaintingTestUITests" */;
			buildPhases = (
				CF0EB00B21819EF300F51713 /* Sources */,
				CF0EB00C21819EF300F51713 /* Frameworks */,
				CF0EB00D21819EF300F51713 /* Resources */,
			);
			buildRules = (
			);
			dependencies = (
				CF0EB01121819EF300F51713 /* PBXTargetDependency */,
			);
			name = OpgnGLPaintingTestUITests;
			productName = OpgnGLPaintingTestUITests;
			productReference = CF0EB00F21819EF300F51713 /* OpgnGLPaintingTestUITests.xctest */;
			productType = "com.apple.product-type.bundle.ui-testing";
		};
/* End PBXNativeTarget section */

/* Begin PBXProject section */
		CF0EAFE421819EF200F51713 /* Project object */ = {
			isa = PBXProject;
			attributes = {
				LastUpgradeCheck = 1000;
				ORGANIZATIONNAME = "王勇";
				TargetAttributes = {
					CF0EAFEB21819EF200F51713 = {
						CreatedOnToolsVersion = 10.0;
					};
					CF0EB00321819EF300F51713 = {
						CreatedOnToolsVersion = 10.0;
						TestTargetID = CF0EAFEB21819EF200F51713;
					};
					CF0EB00E21819EF300F51713 = {
						CreatedOnToolsVersion = 10.0;
						TestTargetID = CF0EAFEB21819EF200F51713;
					};
				};
			};
			buildConfigurationList = CF0EAFE721819EF200F51713 /* Build configuration list for PBXProject "OpgnGLPaintingTest" */;
			compatibilityVersion = "Xcode 9.3";
			developmentRegion = en;
			hasScannedForEncodings = 0;
			knownRegions = (
				en,
				Base,
			);
			mainGroup = CF0EAFE321819EF200F51713;
			productRefGroup = CF0EAFED21819EF200F51713 /* Products */;
			projectDirPath = "";
			projectRoot = "";
			targets = (
				CF0EAFEB21819EF200F51713 /* OpgnGLPaintingTest */,
				CF0EB00321819EF300F51713 /* OpgnGLPaintingTestTests */,
				CF0EB00E21819EF300F51713 /* OpgnGLPaintingTestUITests */,
			);
		};
/* End PBXProject section */

/* Begin PBXResourcesBuildPhase section */
		CF0EAFEA21819EF200F51713 /* Resources */ = {
			isa = PBXResourcesBuildPhase;
			buildActionMask = 2147483647;
			files = (
				CFDB31452182A8FF00E5307C /* Blue.png in Resources */,
				CFDB31462182A8FF00E5307C /* Yellow.png in Resources */,
				CF0EAFFC21819EF300F51713 /* LaunchScreen.storyboard in Resources */,
				CFC0C9722189B15000CA3B75 /* wy_colorSelect.png in Resources */,
				CF0EAFF921819EF300F51713 /* Assets.xcassets in Resources */,
				CF0EB13E2181B91500F51713 /* point.fsh in Resources */,
				CF0EB13D2181B91500F51713 /* point.vsh in Resources */,
				CFDB31472182A8FF00E5307C /* Purple.png in Resources */,
				CFC0C9702189B15000CA3B75 /* wy_eraser.png in Resources */,
				CF0EAFF721819EF200F51713 /* Main.storyboard in Resources */,
				CFDB31442182A8FF00E5307C /* Green.png in Resources */,
				CF0EB1392181B86000F51713 /* Particle.png in Resources */,
				CFC0C9712189B15000CA3B75 /* wy_revoke_white.png in Resources */,
				CFC0C96E2189B15000CA3B75 /* wy_revoke_gray.png in Resources */,
				CFDB31432182A8FF00E5307C /* Red.png in Resources */,
				CFC0C96F2189B15000CA3B75 /* wy_back.png in Resources */,
			);
			runOnlyForDeploymentPostprocessing = 0;
		};
		CF0EB00221819EF300F51713 /* Resources */ = {
			isa = PBXResourcesBuildPhase;
			buildActionMask = 2147483647;
			files = (
			);
			runOnlyForDeploymentPostprocessing = 0;
		};
		CF0EB00D21819EF300F51713 /* Resources */ = {
			isa = PBXResourcesBuildPhase;
			buildActionMask = 2147483647;
			files = (
			);
			runOnlyForDeploymentPostprocessing = 0;
		};
/* End PBXResourcesBuildPhase section */

/* Begin PBXSourcesBuildPhase section */
		CF0EAFE821819EF200F51713 /* Sources */ = {
			isa = PBXSourcesBuildPhase;
			buildActionMask = 2147483647;
			files = (
				CFC0C9502189AC6E00CA3B75 /* WYSelectView.m in Sources */,
				CF0EAFF421819EF200F51713 /* ViewController.m in Sources */,
				CFC0C9512189AC6E00CA3B75 /* WYColorSlider.m in Sources */,
				CF365F5C218BEC9A002A439B /* UIButton+Block.m in Sources */,
				CFDB314A2182ECE900E5307C /* DrawModel.m in Sources */,
				CF0EAFFF21819EF300F51713 /* main.m in Sources */,
				CF0EB1372181B4A200F51713 /* PaintingView.m in Sources */,
				CF0EB1342181B49000F51713 /* shaderUtil.c in Sources */,
				CF365F5E218BEC9A002A439B /* WYMain.m in Sources */,
				CF365F5F218BEC9A002A439B /* UIAlertController+WY.m in Sources */,
				CF0EAFF121819EF200F51713 /* AppDelegate.m in Sources */,
				CFC0C9672189ACC000CA3B75 /* WYDrawingBoardView.m in Sources */,
				CF365F5D218BEC9A002A439B /* UIColor+WY.m in Sources */,
				CF0EB1332181B49000F51713 /* fileUtil.m in Sources */,
				CF365F5B218BEC9A002A439B /* UIView+Frame.m in Sources */,
			);
			runOnlyForDeploymentPostprocessing = 0;
		};
		CF0EB00021819EF300F51713 /* Sources */ = {
			isa = PBXSourcesBuildPhase;
			buildActionMask = 2147483647;
			files = (
				CF0EB00921819EF300F51713 /* OpgnGLPaintingTestTests.m in Sources */,
			);
			runOnlyForDeploymentPostprocessing = 0;
		};
		CF0EB00B21819EF300F51713 /* Sources */ = {
			isa = PBXSourcesBuildPhase;
			buildActionMask = 2147483647;
			files = (
				CF0EB01421819EF300F51713 /* OpgnGLPaintingTestUITests.m in Sources */,
			);
			runOnlyForDeploymentPostprocessing = 0;
		};
/* End PBXSourcesBuildPhase section */

/* Begin PBXTargetDependency section */
		CF0EB00621819EF300F51713 /* PBXTargetDependency */ = {
			isa = PBXTargetDependency;
			target = CF0EAFEB21819EF200F51713 /* OpgnGLPaintingTest */;
			targetProxy = CF0EB00521819EF300F51713 /* PBXContainerItemProxy */;
		};
		CF0EB01121819EF300F51713 /* PBXTargetDependency */ = {
			isa = PBXTargetDependency;
			target = CF0EAFEB21819EF200F51713 /* OpgnGLPaintingTest */;
			targetProxy = CF0EB01021819EF300F51713 /* PBXContainerItemProxy */;
		};
/* End PBXTargetDependency section */

/* Begin PBXVariantGroup section */
		CF0EAFF521819EF200F51713 /* Main.storyboard */ = {
			isa = PBXVariantGroup;
			children = (
				CF0EAFF621819EF200F51713 /* Base */,
			);
			name = Main.storyboard;
			sourceTree = "<group>";
		};
		CF0EAFFA21819EF300F51713 /* LaunchScreen.storyboard */ = {
			isa = PBXVariantGroup;
			children = (
				CF0EAFFB21819EF300F51713 /* Base */,
			);
			name = LaunchScreen.storyboard;
			sourceTree = "<group>";
		};
/* End PBXVariantGroup section */

/* Begin XCBuildConfiguration section */
		CF0EB01621819EF300F51713 /* Debug */ = {
			isa = XCBuildConfiguration;
			buildSettings = {
				ALWAYS_SEARCH_USER_PATHS = NO;
				CLANG_ANALYZER_NONNULL = YES;
				CLANG_ANALYZER_NUMBER_OBJECT_CONVERSION = YES_AGGRESSIVE;
				CLANG_CXX_LANGUAGE_STANDARD = "gnu++14";
				CLANG_CXX_LIBRARY = "libc++";
				CLANG_ENABLE_MODULES = YES;
				CLANG_ENABLE_OBJC_ARC = YES;
				CLANG_ENABLE_OBJC_WEAK = YES;
				CLANG_WARN_BLOCK_CAPTURE_AUTORELEASING = YES;
				CLANG_WARN_BOOL_CONVERSION = YES;
				CLANG_WARN_COMMA = YES;
				CLANG_WARN_CONSTANT_CONVERSION = YES;
				CLANG_WARN_DEPRECATED_OBJC_IMPLEMENTATIONS = YES;
				CLANG_WARN_DIRECT_OBJC_ISA_USAGE = YES_ERROR;
				CLANG_WARN_DOCUMENTATION_COMMENTS = YES;
				CLANG_WARN_EMPTY_BODY = YES;
				CLANG_WARN_ENUM_CONVERSION = YES;
				CLANG_WARN_INFINITE_RECURSION = YES;
				CLANG_WARN_INT_CONVERSION = YES;
				CLANG_WARN_NON_LITERAL_NULL_CONVERSION = YES;
				CLANG_WARN_OBJC_IMPLICIT_RETAIN_SELF = YES;
				CLANG_WARN_OBJC_LITERAL_CONVERSION = YES;
				CLANG_WARN_OBJC_ROOT_CLASS = YES_ERROR;
				CLANG_WARN_RANGE_LOOP_ANALYSIS = YES;
				CLANG_WARN_STRICT_PROTOTYPES = YES;
				CLANG_WARN_SUSPICIOUS_MOVE = YES;
				CLANG_WARN_UNGUARDED_AVAILABILITY = YES_AGGRESSIVE;
				CLANG_WARN_UNREACHABLE_CODE = YES;
				CLANG_WARN__DUPLICATE_METHOD_MATCH = YES;
				CODE_SIGN_IDENTITY = "iPhone Developer";
				COPY_PHASE_STRIP = NO;
				DEBUG_INFORMATION_FORMAT = dwarf;
				ENABLE_STRICT_OBJC_MSGSEND = YES;
				ENABLE_TESTABILITY = YES;
				GCC_C_LANGUAGE_STANDARD = gnu11;
				GCC_DYNAMIC_NO_PIC = NO;
				GCC_NO_COMMON_BLOCKS = YES;
				GCC_OPTIMIZATION_LEVEL = 0;
				GCC_PREPROCESSOR_DEFINITIONS = (
					"DEBUG=1",
					"$(inherited)",
				);
				GCC_WARN_64_TO_32_BIT_CONVERSION = YES;
				GCC_WARN_ABOUT_RETURN_TYPE = YES_ERROR;
				GCC_WARN_UNDECLARED_SELECTOR = YES;
				GCC_WARN_UNINITIALIZED_AUTOS = YES_AGGRESSIVE;
				GCC_WARN_UNUSED_FUNCTION = YES;
				GCC_WARN_UNUSED_VARIABLE = YES;
				IPHONEOS_DEPLOYMENT_TARGET = 12.0;
				MTL_ENABLE_DEBUG_INFO = INCLUDE_SOURCE;
				MTL_FAST_MATH = YES;
				ONLY_ACTIVE_ARCH = YES;
				SDKROOT = iphoneos;
			};
			name = Debug;
		};
		CF0EB01721819EF300F51713 /* Release */ = {
			isa = XCBuildConfiguration;
			buildSettings = {
				ALWAYS_SEARCH_USER_PATHS = NO;
				CLANG_ANALYZER_NONNULL = YES;
				CLANG_ANALYZER_NUMBER_OBJECT_CONVERSION = YES_AGGRESSIVE;
				CLANG_CXX_LANGUAGE_STANDARD = "gnu++14";
				CLANG_CXX_LIBRARY = "libc++";
				CLANG_ENABLE_MODULES = YES;
				CLANG_ENABLE_OBJC_ARC = YES;
				CLANG_ENABLE_OBJC_WEAK = YES;
				CLANG_WARN_BLOCK_CAPTURE_AUTORELEASING = YES;
				CLANG_WARN_BOOL_CONVERSION = YES;
				CLANG_WARN_COMMA = YES;
				CLANG_WARN_CONSTANT_CONVERSION = YES;
				CLANG_WARN_DEPRECATED_OBJC_IMPLEMENTATIONS = YES;
				CLANG_WARN_DIRECT_OBJC_ISA_USAGE = YES_ERROR;
				CLANG_WARN_DOCUMENTATION_COMMENTS = YES;
				CLANG_WARN_EMPTY_BODY = YES;
				CLANG_WARN_ENUM_CONVERSION = YES;
				CLANG_WARN_INFINITE_RECURSION = YES;
				CLANG_WARN_INT_CONVERSION = YES;
				CLANG_WARN_NON_LITERAL_NULL_CONVERSION = YES;
				CLANG_WARN_OBJC_IMPLICIT_RETAIN_SELF = YES;
				CLANG_WARN_OBJC_LITERAL_CONVERSION = YES;
				CLANG_WARN_OBJC_ROOT_CLASS = YES_ERROR;
				CLANG_WARN_RANGE_LOOP_ANALYSIS = YES;
				CLANG_WARN_STRICT_PROTOTYPES = YES;
				CLANG_WARN_SUSPICIOUS_MOVE = YES;
				CLANG_WARN_UNGUARDED_AVAILABILITY = YES_AGGRESSIVE;
				CLANG_WARN_UNREACHABLE_CODE = YES;
				CLANG_WARN__DUPLICATE_METHOD_MATCH = YES;
				CODE_SIGN_IDENTITY = "iPhone Developer";
				COPY_PHASE_STRIP = NO;
				DEBUG_INFORMATION_FORMAT = "dwarf-with-dsym";
				ENABLE_NS_ASSERTIONS = NO;
				ENABLE_STRICT_OBJC_MSGSEND = YES;
				GCC_C_LANGUAGE_STANDARD = gnu11;
				GCC_NO_COMMON_BLOCKS = YES;
				GCC_WARN_64_TO_32_BIT_CONVERSION = YES;
				GCC_WARN_ABOUT_RETURN_TYPE = YES_ERROR;
				GCC_WARN_UNDECLARED_SELECTOR = YES;
				GCC_WARN_UNINITIALIZED_AUTOS = YES_AGGRESSIVE;
				GCC_WARN_UNUSED_FUNCTION = YES;
				GCC_WARN_UNUSED_VARIABLE = YES;
				IPHONEOS_DEPLOYMENT_TARGET = 12.0;
				MTL_ENABLE_DEBUG_INFO = NO;
				MTL_FAST_MATH = YES;
				SDKROOT = iphoneos;
				VALIDATE_PRODUCT = YES;
			};
			name = Release;
		};
		CF0EB01921819EF300F51713 /* Debug */ = {
			isa = XCBuildConfiguration;
			buildSettings = {
				ASSETCATALOG_COMPILER_APPICON_NAME = AppIcon;
				CODE_SIGN_STYLE = Automatic;
				DEVELOPMENT_TEAM = 3D5W4KF224;
				INFOPLIST_FILE = OpgnGLPaintingTest/Info.plist;
				LD_RUNPATH_SEARCH_PATHS = (
					"$(inherited)",
					"@executable_path/Frameworks",
				);
				PRODUCT_BUNDLE_IDENTIFIER = wangyong.OpgnGLPaintingTest;
				PRODUCT_NAME = "$(TARGET_NAME)";
				TARGETED_DEVICE_FAMILY = "1,2";
				WARNING_CFLAGS = "-Wdeprecated-declarations";
			};
			name = Debug;
		};
		CF0EB01A21819EF300F51713 /* Release */ = {
			isa = XCBuildConfiguration;
			buildSettings = {
				ASSETCATALOG_COMPILER_APPICON_NAME = AppIcon;
				CODE_SIGN_STYLE = Automatic;
				DEVELOPMENT_TEAM = 3D5W4KF224;
				INFOPLIST_FILE = OpgnGLPaintingTest/Info.plist;
				LD_RUNPATH_SEARCH_PATHS = (
					"$(inherited)",
					"@executable_path/Frameworks",
				);
				PRODUCT_BUNDLE_IDENTIFIER = wangyong.OpgnGLPaintingTest;
				PRODUCT_NAME = "$(TARGET_NAME)";
				TARGETED_DEVICE_FAMILY = "1,2";
				WARNING_CFLAGS = "-Wdeprecated-declarations";
			};
			name = Release;
		};
		CF0EB01C21819EF300F51713 /* Debug */ = {
			isa = XCBuildConfiguration;
			buildSettings = {
				BUNDLE_LOADER = "$(TEST_HOST)";
				CODE_SIGN_STYLE = Automatic;
				DEVELOPMENT_TEAM = 3D5W4KF224;
				INFOPLIST_FILE = OpgnGLPaintingTestTests/Info.plist;
				LD_RUNPATH_SEARCH_PATHS = (
					"$(inherited)",
					"@executable_path/Frameworks",
					"@loader_path/Frameworks",
				);
				PRODUCT_BUNDLE_IDENTIFIER = wangyong.OpgnGLPaintingTestTests;
				PRODUCT_NAME = "$(TARGET_NAME)";
				TARGETED_DEVICE_FAMILY = "1,2";
				TEST_HOST = "$(BUILT_PRODUCTS_DIR)/OpgnGLPaintingTest.app/OpgnGLPaintingTest";
			};
			name = Debug;
		};
		CF0EB01D21819EF300F51713 /* Release */ = {
			isa = XCBuildConfiguration;
			buildSettings = {
				BUNDLE_LOADER = "$(TEST_HOST)";
				CODE_SIGN_STYLE = Automatic;
				DEVELOPMENT_TEAM = 3D5W4KF224;
				INFOPLIST_FILE = OpgnGLPaintingTestTests/Info.plist;
				LD_RUNPATH_SEARCH_PATHS = (
					"$(inherited)",
					"@executable_path/Frameworks",
					"@loader_path/Frameworks",
				);
				PRODUCT_BUNDLE_IDENTIFIER = wangyong.OpgnGLPaintingTestTests;
				PRODUCT_NAME = "$(TARGET_NAME)";
				TARGETED_DEVICE_FAMILY = "1,2";
				TEST_HOST = "$(BUILT_PRODUCTS_DIR)/OpgnGLPaintingTest.app/OpgnGLPaintingTest";
			};
			name = Release;
		};
		CF0EB01F21819EF300F51713 /* Debug */ = {
			isa = XCBuildConfiguration;
			buildSettings = {
				CODE_SIGN_STYLE = Automatic;
				DEVELOPMENT_TEAM = 3D5W4KF224;
				INFOPLIST_FILE = OpgnGLPaintingTestUITests/Info.plist;
				LD_RUNPATH_SEARCH_PATHS = (
					"$(inherited)",
					"@executable_path/Frameworks",
					"@loader_path/Frameworks",
				);
				PRODUCT_BUNDLE_IDENTIFIER = wangyong.OpgnGLPaintingTestUITests;
				PRODUCT_NAME = "$(TARGET_NAME)";
				TARGETED_DEVICE_FAMILY = "1,2";
				TEST_TARGET_NAME = OpgnGLPaintingTest;
			};
			name = Debug;
		};
		CF0EB02021819EF300F51713 /* Release */ = {
			isa = XCBuildConfiguration;
			buildSettings = {
				CODE_SIGN_STYLE = Automatic;
				DEVELOPMENT_TEAM = 3D5W4KF224;
				INFOPLIST_FILE = OpgnGLPaintingTestUITests/Info.plist;
				LD_RUNPATH_SEARCH_PATHS = (
					"$(inherited)",
					"@executable_path/Frameworks",
					"@loader_path/Frameworks",
				);
				PRODUCT_BUNDLE_IDENTIFIER = wangyong.OpgnGLPaintingTestUITests;
				PRODUCT_NAME = "$(TARGET_NAME)";
				TARGETED_DEVICE_FAMILY = "1,2";
				TEST_TARGET_NAME = OpgnGLPaintingTest;
			};
			name = Release;
		};
/* End XCBuildConfiguration section */

/* Begin XCConfigurationList section */
		CF0EAFE721819EF200F51713 /* Build configuration list for PBXProject "OpgnGLPaintingTest" */ = {
			isa = XCConfigurationList;
			buildConfigurations = (
				CF0EB01621819EF300F51713 /* Debug */,
				CF0EB01721819EF300F51713 /* Release */,
			);
			defaultConfigurationIsVisible = 0;
			defaultConfigurationName = Release;
		};
		CF0EB01821819EF300F51713 /* Build configuration list for PBXNativeTarget "OpgnGLPaintingTest" */ = {
			isa = XCConfigurationList;
			buildConfigurations = (
				CF0EB01921819EF300F51713 /* Debug */,
				CF0EB01A21819EF300F51713 /* Release */,
			);
			defaultConfigurationIsVisible = 0;
			defaultConfigurationName = Release;
		};
		CF0EB01B21819EF300F51713 /* Build configuration list for PBXNativeTarget "OpgnGLPaintingTestTests" */ = {
			isa = XCConfigurationList;
			buildConfigurations = (
				CF0EB01C21819EF300F51713 /* Debug */,
				CF0EB01D21819EF300F51713 /* Release */,
			);
			defaultConfigurationIsVisible = 0;
			defaultConfigurationName = Release;
		};
		CF0EB01E21819EF300F51713 /* Build configuration list for PBXNativeTarget "OpgnGLPaintingTestUITests" */ = {
			isa = XCConfigurationList;
			buildConfigurations = (
				CF0EB01F21819EF300F51713 /* Debug */,
				CF0EB02021819EF300F51713 /* Release */,
			);
			defaultConfigurationIsVisible = 0;
			defaultConfigurationName = Release;
		};
/* End XCConfigurationList section */
	};
	rootObject = CF0EAFE421819EF200F51713 /* Project object */;
}
